
Microsoft Visual Studio Solution File, Format Version 12.00
# Visual Studio Express 14 for Web
VisualStudioVersion = 14.0.25420.1
MinimumVisualStudioVersion = 10.0.40219.1
Project("{FAE04EC0-301F-11D3-BF4B-00C04F79EFBC}") = "WebAPITest", "WebAPITest\WebAPITest.csproj", "{080C0589-8A64-4BC3-94A5-DDEF9BFA36A9}"
EndProject
Project("{FAE04EC0-301F-11D3-BF4B-00C04F79EFBC}") = "Angular", "Angular\Angular.csproj", "{0BEEA86A-9D38-4857-B430-F2E2CF529F61}"
EndProject
Global
	GlobalSection(SolutionConfigurationPlatforms) = preSolution
		Debug|Any CPU = Debug|Any CPU
		Release|Any CPU = Release|Any CPU
	EndGlobalSection
	GlobalSection(ProjectConfigurationPlatforms) = postSolution
		{080C0589-8A64-4BC3-94A5-DDEF9BFA36A9}.Debug|Any CPU.ActiveCfg = Debug|Any CPU
		{080C0589-8A64-4BC3-94A5-DDEF9BFA36A9}.Debug|Any CPU.Build.0 = Debug|Any CPU
		{080C0589-8A64-4BC3-94A5-DDEF9BFA36A9}.Release|Any CPU.ActiveCfg = Release|Any CPU
		{080C0589-8A64-4BC3-94A5-DDEF9BFA36A9}.Release|Any CPU.Build.0 = Release|Any CPU
		{0BEEA86A-9D38-4857-B430-F2E2CF529F61}.Debug|Any CPU.ActiveCfg = Debug|Any CPU
		{0BEEA86A-9D38-4857-B430-F2E2CF529F61}.Debug|Any CPU.Build.0 = Debug|Any CPU
		{0BEEA86A-9D38-4857-B430-F2E2CF529F61}.Release|Any CPU.ActiveCfg = Release|Any CPU
		{0BEEA86A-9D38-4857-B430-F2E2CF529F61}.Release|Any CPU.Build.0 = Release|Any CPU
	EndGlobalSection
	GlobalSection(SolutionProperties) = preSolution
		HideSolutionNode = FALSE
	EndGlobalSection
EndGlobal
